{
  "name": "SIH-TeamEnemiesOfSyntaxx",
  "lockfileVersion": 2,
  "requires": true,
  "packages": {
    "node_modules/@cometchat-pro/react-native-chat": {
      "version": "3.0.10",
      "resolved": "https://registry.npmjs.org/@cometchat-pro/react-native-chat/-/react-native-chat-3.0.10.tgz",
      "integrity": "sha512-p6tXwyKYd6zIM8yabchfsSJR01R6N6CJCZdaWNmlty7GYV2UmNCY4xYMg+2wvzUmGz/+ubD8uwAXUKzd5BWU+g=="
    }
  },
  "dependencies": {
    "@cometchat-pro/react-native-chat": {
      "version": "https://registry.npmjs.org/@cometchat-pro/react-native-chat/-/react-native-chat-3.0.10.tgz",
      "integrity": "sha512-p6tXwyKYd6zIM8yabchfsSJR01R6N6CJCZdaWNmlty7GYV2UmNCY4xYMg+2wvzUmGz/+ubD8uwAXUKzd5BWU+g=="
    }
  }
}
